// !$*UTF8*$!
{
	archiveVersion = 1;
	classes = {
	};
	objectVersion = 50;
	objects = {

/* Begin PBXBuildFile section */
		5223EED621A79B26003246E5 /* AppDelegate.swift in Sources */ = {isa = PBXBuildFile; fileRef = 5223EED521A79B26003246E5 /* AppDelegate.swift */; };
		5223EED821A79B26003246E5 /* ViewController.swift in Sources */ = {isa = PBXBuildFile; fileRef = 5223EED721A79B26003246E5 /* ViewController.swift */; };
		5223EEDB21A79B26003246E5 /* Main.storyboard in Resources */ = {isa = PBXBuildFile; fileRef = 5223EED921A79B26003246E5 /* Main.storyboard */; };
		5223EEDD21A79B2C003246E5 /* Assets.xcassets in Resources */ = {isa = PBXBuildFile; fileRef = 5223EEDC21A79B2C003246E5 /* Assets.xcassets */; };
		5223EEE021A79B2C003246E5 /* LaunchScreen.storyboard in Resources */ = {isa = PBXBuildFile; fileRef = 5223EEDE21A79B2C003246E5 /* LaunchScreen.storyboard */; };
		5223EEEB21A79B2C003246E5 /* HotdogTests.swift in Sources */ = {isa = PBXBuildFile; fileRef = 5223EEEA21A79B2C003246E5 /* HotdogTests.swift */; };
		5223EEF621A79B2D003246E5 /* HotdogUITests.swift in Sources */ = {isa = PBXBuildFile; fileRef = 5223EEF521A79B2D003246E5 /* HotdogUITests.swift */; };
		5223EF0521A79C35003246E5 /* Inceptionv3.mlmodel in Sources */ = {isa = PBXBuildFile; fileRef = 5223EF0421A79C35003246E5 /* Inceptionv3.mlmodel */; };
/* End PBXBuildFile section */

/* Begin PBXContainerItemProxy section */
		5223EEE721A79B2C003246E5 /* PBXContainerItemProxy */ = {
			isa = PBXContainerItemProxy;
			containerPortal = 5223EECA21A79B26003246E5 /* Project object */;
			proxyType = 1;
			remoteGlobalIDString = 5223EED121A79B26003246E5;
			remoteInfo = Hotdog;
		};
		5223EEF221A79B2C003246E5 /* PBXContainerItemProxy */ = {
			isa = PBXContainerItemProxy;
			containerPortal = 5223EECA21A79B26003246E5 /* Project object */;
			proxyType = 1;
			remoteGlobalIDString = 5223EED121A79B26003246E5;
			remoteInfo = Hotdog;
		};
/* End PBXContainerItemProxy section */

/* Begin PBXFileReference section */
		5223EED221A79B26003246E5 /* Hotdog.app */ = {isa = PBXFileReference; explicitFileType = wrapper.application; includeInIndex = 0; path = Hotdog.app; sourceTree = BUILT_PRODUCTS_DIR; };
		5223EED521A79B26003246E5 /* AppDelegate.swift */ = {isa = PBXFileReference; lastKnownFileType = sourcecode.swift; path = AppDelegate.swift; sourceTree = "<group>"; };
		5223EED721A79B26003246E5 /* ViewController.swift */ = {isa = PBXFileReference; lastKnownFileType = sourcecode.swift; path = ViewController.swift; sourceTree = "<group>"; };
		5223EEDA21A79B26003246E5 /* Base */ = {isa = PBXFileReference; lastKnownFileType = file.storyboard; name = Base; path = Base.lproj/Main.storyboard; sourceTree = "<group>"; };
		5223EEDC21A79B2C003246E5 /* Assets.xcassets */ = {isa = PBXFileReference; lastKnownFileType = folder.assetcatalog; path = Assets.xcassets; sourceTree = "<group>"; };
		5223EEDF21A79B2C003246E5 /* Base */ = {isa = PBXFileReference; lastKnownFileType = file.storyboard; name = Base; path = Base.lproj/LaunchScreen.storyboard; sourceTree = "<group>"; };
		5223EEE121A79B2C003246E5 /* Info.plist */ = {isa = PBXFileReference; lastKnownFileType = text.plist.xml; path = Info.plist; sourceTree = "<group>"; };
		5223EEE621A79B2C003246E5 /* HotdogTests.xctest */ = {isa = PBXFileReference; explicitFileType = wrapper.cfbundle; includeInIndex = 0; path = HotdogTests.xctest; sourceTree = BUILT_PRODUCTS_DIR; };
		5223EEEA21A79B2C003246E5 /* HotdogTests.swift */ = {isa = PBXFileReference; lastKnownFileType = sourcecode.swift; path = HotdogTests.swift; sourceTree = "<group>"; };
		5223EEEC21A79B2C003246E5 /* Info.plist */ = {isa = PBXFileReference; lastKnownFileType = text.plist.xml; path = Info.plist; sourceTree = "<group>"; };
		5223EEF121A79B2C003246E5 /* HotdogUITests.xctest */ = {isa = PBXFileReference; explicitFileType = wrapper.cfbundle; includeInIndex = 0; path = HotdogUITests.xctest; sourceTree = BUILT_PRODUCTS_DIR; };
		5223EEF521A79B2D003246E5 /* HotdogUITests.swift */ = {isa = PBXFileReference; lastKnownFileType = sourcecode.swift; path = HotdogUITests.swift; sourceTree = "<group>"; };
		5223EEF721A79B2D003246E5 /* Info.plist */ = {isa = PBXFileReference; lastKnownFileType = text.plist.xml; path = Info.plist; sourceTree = "<group>"; };
		5223EF0421A79C35003246E5 /* Inceptionv3.mlmodel */ = {isa = PBXFileReference; lastKnownFileType = file.mlmodel; path = Inceptionv3.mlmodel; sourceTree = SOURCE_ROOT; };
/* End PBXFileReference section */

/* Begin PBXFrameworksBuildPhase section */
		5223EECF21A79B26003246E5 /* Frameworks */ = {
			isa = PBXFrameworksBuildPhase;
			buildActionMask = 2147483647;
			files = (
			);
			runOnlyForDeploymentPostprocessing = 0;
		};
		5223EEE321A79B2C003246E5 /* Frameworks */ = {
			isa = PBXFrameworksBuildPhase;
			buildActionMask = 2147483647;
			files = (
			);
			runOnlyForDeploymentPostprocessing = 0;
		};
		5223EEEE21A79B2C003246E5 /* Frameworks */ = {
			isa = PBXFrameworksBuildPhase;
			buildActionMask = 2147483647;
			files = (
			);
			runOnlyForDeploymentPostprocessing = 0;
		};
/* End PBXFrameworksBuildPhase section */

/* Begin PBXGroup section */
		5223EEC921A79B26003246E5 = {
			isa = PBXGroup;
			children = (
				5223EED421A79B26003246E5 /* Hotdog */,
				5223EEE921A79B2C003246E5 /* HotdogTests */,
				5223EEF421A79B2D003246E5 /* HotdogUITests */,
				5223EED321A79B26003246E5 /* Products */,
			);
			sourceTree = "<group>";
		};
		5223EED321A79B26003246E5 /* Products */ = {
			isa = PBXGroup;
			children = (
				5223EED221A79B26003246E5 /* Hotdog.app */,
				5223EEE621A79B2C003246E5 /* HotdogTests.xctest */,
				5223EEF121A79B2C003246E5 /* HotdogUITests.xctest */,
			);
			name = Products;
			sourceTree = "<group>";
		};
		5223EED421A79B26003246E5 /* Hotdog */ = {
			isa = PBXGroup;
			children = (
				5223EED521A79B26003246E5 /* AppDelegate.swift */,
				5223EF0321A79BFB003246E5 /* DataModel */,
				5223EF0721AC55D6003246E5 /* Controller */,
				5223EF0621AC55CC003246E5 /* View */,
				5223EEDC21A79B2C003246E5 /* Assets.xcassets */,
				5223EEDE21A79B2C003246E5 /* LaunchScreen.storyboard */,
				5223EEE121A79B2C003246E5 /* Info.plist */,
			);
			path = Hotdog;
			sourceTree = "<group>";
		};
		5223EEE921A79B2C003246E5 /* HotdogTests */ = {
			isa = PBXGroup;
			children = (
				5223EEEA21A79B2C003246E5 /* HotdogTests.swift */,
				5223EEEC21A79B2C003246E5 /* Info.plist */,
			);
			path = HotdogTests;
			sourceTree = "<group>";
		};
		5223EEF421A79B2D003246E5 /* HotdogUITests */ = {
			isa = PBXGroup;
			children = (
				5223EEF521A79B2D003246E5 /* HotdogUITests.swift */,
				5223EEF721A79B2D003246E5 /* Info.plist */,
			);
			path = HotdogUITests;
			sourceTree = "<group>";
		};
		5223EF0321A79BFB003246E5 /* DataModel */ = {
			isa = PBXGroup;
			children = (
				5223EF0421A79C35003246E5 /* Inceptionv3.mlmodel */,
			);
			path = DataModel;
			sourceTree = "<group>";
		};
		5223EF0621AC55CC003246E5 /* View */ = {
			isa = PBXGroup;
			children = (
				5223EED921A79B26003246E5 /* Main.storyboard */,
			);
			path = View;
			sourceTree = "<group>";
		};
		5223EF0721AC55D6003246E5 /* Controller */ = {
			isa = PBXGroup;
			children = (
				5223EED721A79B26003246E5 /* ViewController.swift */,
			);
			path = Controller;
			sourceTree = "<group>";
		};
/* End PBXGroup section */

/* Begin PBXNativeTarget section */
		5223EED121A79B26003246E5 /* Hotdog */ = {
			isa = PBXNativeTarget;
			buildConfigurationList = 5223EEFA21A79B2D003246E5 /* Build configuration list for PBXNativeTarget "Hotdog" */;
			buildPhases = (
				5223EECE21A79B26003246E5 /* Sources */,
				5223EECF21A79B26003246E5 /* Frameworks */,
				5223EED021A79B26003246E5 /* Resources */,
			);
			buildRules = (
			);
			dependencies = (
			);
			name = Hotdog;
			productName = Hotdog;
			productReference = 5223EED221A79B26003246E5 /* Hotdog.app */;
			productType = "com.apple.product-type.application";
		};
		5223EEE521A79B2C003246E5 /* HotdogTests */ = {
			isa = PBXNativeTarget;
			buildConfigurationList = 5223EEFD21A79B2D003246E5 /* Build configuration list for PBXNativeTarget "HotdogTests" */;
			buildPhases = (
				5223EEE221A79B2C003246E5 /* Sources */,
				5223EEE321A79B2C003246E5 /* Frameworks */,
				5223EEE421A79B2C003246E5 /* Resources */,
			);
			buildRules = (
			);
			dependencies = (
				5223EEE821A79B2C003246E5 /* PBXTargetDependency */,
			);
			name = HotdogTests;
			productName = HotdogTests;
			productReference = 5223EEE621A79B2C003246E5 /* HotdogTests.xctest */;
			productType = "com.apple.product-type.bundle.unit-test";
		};
		5223EEF021A79B2C003246E5 /* HotdogUITests */ = {
			isa = PBXNativeTarget;
			buildConfigurationList = 5223EF0021A79B2D003246E5 /* Build configuration list for PBXNativeTarget "HotdogUITests" */;
			buildPhases = (
				5223EEED21A79B2C003246E5 /* Sources */,
				5223EEEE21A79B2C003246E5 /* Frameworks */,
				5223EEEF21A79B2C003246E5 /* Resources */,
			);
			buildRules = (
			);
			dependencies = (
				5223EEF321A79B2C003246E5 /* PBXTargetDependency */,
			);
			name = HotdogUITests;
			productName = HotdogUITests;
			productReference = 5223EEF121A79B2C003246E5 /* HotdogUITests.xctest */;
			productType = "com.apple.product-type.bundle.ui-testing";
		};
/* End PBXNativeTarget section */

/* Begin PBXProject section */
		5223EECA21A79B26003246E5 /* Project object */ = {
			isa = PBXProject;
			attributes = {
				LastSwiftUpdateCheck = 1010;
				LastUpgradeCheck = 1010;
				ORGANIZATIONNAME = OneSpark;
				TargetAttributes = {
					5223EED121A79B26003246E5 = {
						CreatedOnToolsVersion = 10.1;
					};
					5223EEE521A79B2C003246E5 = {
						CreatedOnToolsVersion = 10.1;
						TestTargetID = 5223EED121A79B26003246E5;
					};
					5223EEF021A79B2C003246E5 = {
						CreatedOnToolsVersion = 10.1;
						TestTargetID = 5223EED121A79B26003246E5;
					};
				};
			};
			buildConfigurationList = 5223EECD21A79B26003246E5 /* Build configuration list for PBXProject "Hotdog" */;
			compatibilityVersion = "Xcode 9.3";
			developmentRegion = en;
			hasScannedForEncodings = 0;
			knownRegions = (
				en,
				Base,
			);
			mainGroup = 5223EEC921A79B26003246E5;
			productRefGroup = 5223EED321A79B26003246E5 /* Products */;
			projectDirPath = "";
			projectRoot = "";
			targets = (
				5223EED121A79B26003246E5 /* Hotdog */,
				5223EEE521A79B2C003246E5 /* HotdogTests */,
				5223EEF021A79B2C003246E5 /* HotdogUITests */,
			);
		};
/* End PBXProject section */

/* Begin PBXResourcesBuildPhase section */
		5223EED021A79B26003246E5 /* Resources */ = {
			isa = PBXResourcesBuildPhase;
			buildActionMask = 2147483647;
			files = (
				5223EEE021A79B2C003246E5 /* LaunchScreen.storyboard in Resources */,
				5223EEDD21A79B2C003246E5 /* Assets.xcassets in Resources */,
				5223EEDB21A79B26003246E5 /* Main.storyboard in Resources */,
			);
			runOnlyForDeploymentPostprocessing = 0;
		};
		5223EEE421A79B2C003246E5 /* Resources */ = {
			isa = PBXResourcesBuildPhase;
			buildActionMask = 2147483647;
			files = (
			);
			runOnlyForDeploymentPostprocessing = 0;
		};
		5223EEEF21A79B2C003246E5 /* Resources */ = {
			isa = PBXResourcesBuildPhase;
			buildActionMask = 2147483647;
			files = (
			);
			runOnlyForDeploymentPostprocessing = 0;
		};
/* End PBXResourcesBuildPhase section */

/* Begin PBXSourcesBuildPhase section */
		5223EECE21A79B26003246E5 /* Sources */ = {
			isa = PBXSourcesBuildPhase;
			buildActionMask = 2147483647;
			files = (
				5223EED821A79B26003246E5 /* ViewController.swift in Sources */,
				5223EF0521A79C35003246E5 /* Inceptionv3.mlmodel in Sources */,
				5223EED621A79B26003246E5 /* AppDelegate.swift in Sources */,
			);
			runOnlyForDeploymentPostprocessing = 0;
		};
		5223EEE221A79B2C003246E5 /* Sources */ = {
			isa = PBXSourcesBuildPhase;
			buildActionMask = 2147483647;
			files = (
				5223EEEB21A79B2C003246E5 /* HotdogTests.swift in Sources */,
			);
			runOnlyForDeploymentPostprocessing = 0;
		};
		5223EEED21A79B2C003246E5 /* Sources */ = {
			isa = PBXSourcesBuildPhase;
			buildActionMask = 2147483647;
			files = (
				5223EEF621A79B2D003246E5 /* HotdogUITests.swift in Sources */,
			);
			runOnlyForDeploymentPostprocessing = 0;
		};
/* End PBXSourcesBuildPhase section */

/* Begin PBXTargetDependency section */
		5223EEE821A79B2C003246E5 /* PBXTargetDependency */ = {
			isa = PBXTargetDependency;
			target = 5223EED121A79B26003246E5 /* Hotdog */;
			targetProxy = 5223EEE721A79B2C003246E5 /* PBXContainerItemProxy */;
		};
		5223EEF321A79B2C003246E5 /* PBXTargetDependency */ = {
			isa = PBXTargetDependency;
			target = 5223EED121A79B26003246E5 /* Hotdog */;
			targetProxy = 5223EEF221A79B2C003246E5 /* PBXContainerItemProxy */;
		};
/* End PBXTargetDependency section */

/* Begin PBXVariantGroup section */
		5223EED921A79B26003246E5 /* Main.storyboard */ = {
			isa = PBXVariantGroup;
			children = (
				5223EEDA21A79B26003246E5 /* Base */,
			);
			name = Main.storyboard;
			sourceTree = "<group>";
		};
		5223EEDE21A79B2C003246E5 /* LaunchScreen.storyboard */ = {
			isa = PBXVariantGroup;
			children = (
				5223EEDF21A79B2C003246E5 /* Base */,
			);
			name = LaunchScreen.storyboard;
			sourceTree = "<group>";
		};
/* End PBXVariantGroup section */

/* Begin XCBuildConfiguration section */
		5223EEF821A79B2D003246E5 /* Debug */ = {
			isa = XCBuildConfiguration;
			buildSettings = {
				ALWAYS_SEARCH_USER_PATHS = NO;
				CLANG_ANALYZER_NONNULL = YES;
				CLANG_ANALYZER_NUMBER_OBJECT_CONVERSION = YES_AGGRESSIVE;
				CLANG_CXX_LANGUAGE_STANDARD = "gnu++14";
				CLANG_CXX_LIBRARY = "libc++";
				CLANG_ENABLE_MODULES = YES;
				CLANG_ENABLE_OBJC_ARC = YES;
				CLANG_ENABLE_OBJC_WEAK = YES;
				CLANG_WARN_BLOCK_CAPTURE_AUTORELEASING = YES;
				CLANG_WARN_BOOL_CONVERSION = YES;
				CLANG_WARN_COMMA = YES;
				CLANG_WARN_CONSTANT_CONVERSION = YES;
				CLANG_WARN_DEPRECATED_OBJC_IMPLEMENTATIONS = YES;
				CLANG_WARN_DIRECT_OBJC_ISA_USAGE = YES_ERROR;
				CLANG_WARN_DOCUMENTATION_COMMENTS = YES;
				CLANG_WARN_EMPTY_BODY = YES;
				CLANG_WARN_ENUM_CONVERSION = YES;
				CLANG_WARN_INFINITE_RECURSION = YES;
				CLANG_WARN_INT_CONVERSION = YES;
				CLANG_WARN_NON_LITERAL_NULL_CONVERSION = YES;
				CLANG_WARN_OBJC_IMPLICIT_RETAIN_SELF = YES;
				CLANG_WARN_OBJC_LITERAL_CONVERSION = YES;
				CLANG_WARN_OBJC_ROOT_CLASS = YES_ERROR;
				CLANG_WARN_RANGE_LOOP_ANALYSIS = YES;
				CLANG_WARN_STRICT_PROTOTYPES = YES;
				CLANG_WARN_SUSPICIOUS_MOVE = YES;
				CLANG_WARN_UNGUARDED_AVAILABILITY = YES_AGGRESSIVE;
				CLANG_WARN_UNREACHABLE_CODE = YES;
				CLANG_WARN__DUPLICATE_METHOD_MATCH = YES;
				CODE_SIGN_IDENTITY = "iPhone Developer";
				COPY_PHASE_STRIP = NO;
				DEBUG_INFORMATION_FORMAT = dwarf;
				ENABLE_STRICT_OBJC_MSGSEND = YES;
				ENABLE_TESTABILITY = YES;
				GCC_C_LANGUAGE_STANDARD = gnu11;
				GCC_DYNAMIC_NO_PIC = NO;
				GCC_NO_COMMON_BLOCKS = YES;
				GCC_OPTIMIZATION_LEVEL = 0;
				GCC_PREPROCESSOR_DEFINITIONS = (
					"DEBUG=1",
					"$(inherited)",
				);
				GCC_WARN_64_TO_32_BIT_CONVERSION = YES;
				GCC_WARN_ABOUT_RETURN_TYPE = YES_ERROR;
				GCC_WARN_UNDECLARED_SELECTOR = YES;
				GCC_WARN_UNINITIALIZED_AUTOS = YES_AGGRESSIVE;
				GCC_WARN_UNUSED_FUNCTION = YES;
				GCC_WARN_UNUSED_VARIABLE = YES;
				IPHONEOS_DEPLOYMENT_TARGET = 12.1;
				MTL_ENABLE_DEBUG_INFO = INCLUDE_SOURCE;
				MTL_FAST_MATH = YES;
				ONLY_ACTIVE_ARCH = YES;
				SDKROOT = iphoneos;
				SWIFT_ACTIVE_COMPILATION_CONDITIONS = DEBUG;
				SWIFT_OPTIMIZATION_LEVEL = "-Onone";
			};
			name = Debug;
		};
		5223EEF921A79B2D003246E5 /* Release */ = {
			isa = XCBuildConfiguration;
			buildSettings = {
				ALWAYS_SEARCH_USER_PATHS = NO;
				CLANG_ANALYZER_NONNULL = YES;
				CLANG_ANALYZER_NUMBER_OBJECT_CONVERSION = YES_AGGRESSIVE;
				CLANG_CXX_LANGUAGE_STANDARD = "gnu++14";
				CLANG_CXX_LIBRARY = "libc++";
				CLANG_ENABLE_MODULES = YES;
				CLANG_ENABLE_OBJC_ARC = YES;
				CLANG_ENABLE_OBJC_WEAK = YES;
				CLANG_WARN_BLOCK_CAPTURE_AUTORELEASING = YES;
				CLANG_WARN_BOOL_CONVERSION = YES;
				CLANG_WARN_COMMA = YES;
				CLANG_WARN_CONSTANT_CONVERSION = YES;
				CLANG_WARN_DEPRECATED_OBJC_IMPLEMENTATIONS = YES;
				CLANG_WARN_DIRECT_OBJC_ISA_USAGE = YES_ERROR;
				CLANG_WARN_DOCUMENTATION_COMMENTS = YES;
				CLANG_WARN_EMPTY_BODY = YES;
				CLANG_WARN_ENUM_CONVERSION = YES;
				CLANG_WARN_INFINITE_RECURSION = YES;
				CLANG_WARN_INT_CONVERSION = YES;
				CLANG_WARN_NON_LITERAL_NULL_CONVERSION = YES;
				CLANG_WARN_OBJC_IMPLICIT_RETAIN_SELF = YES;
				CLANG_WARN_OBJC_LITERAL_CONVERSION = YES;
				CLANG_WARN_OBJC_ROOT_CLASS = YES_ERROR;
				CLANG_WARN_RANGE_LOOP_ANALYSIS = YES;
				CLANG_WARN_STRICT_PROTOTYPES = YES;
				CLANG_WARN_SUSPICIOUS_MOVE = YES;
				CLANG_WARN_UNGUARDED_AVAILABILITY = YES_AGGRESSIVE;
				CLANG_WARN_UNREACHABLE_CODE = YES;
				CLANG_WARN__DUPLICATE_METHOD_MATCH = YES;
				CODE_SIGN_IDENTITY = "iPhone Developer";
				COPY_PHASE_STRIP = NO;
				DEBUG_INFORMATION_FORMAT = "dwarf-with-dsym";
				ENABLE_NS_ASSERTIONS = NO;
				ENABLE_STRICT_OBJC_MSGSEND = YES;
				GCC_C_LANGUAGE_STANDARD = gnu11;
				GCC_NO_COMMON_BLOCKS = YES;
				GCC_WARN_64_TO_32_BIT_CONVERSION = YES;
				GCC_WARN_ABOUT_RETURN_TYPE = YES_ERROR;
				GCC_WARN_UNDECLARED_SELECTOR = YES;
				GCC_WARN_UNINITIALIZED_AUTOS = YES_AGGRESSIVE;
				GCC_WARN_UNUSED_FUNCTION = YES;
				GCC_WARN_UNUSED_VARIABLE = YES;
				IPHONEOS_DEPLOYMENT_TARGET = 12.1;
				MTL_ENABLE_DEBUG_INFO = NO;
				MTL_FAST_MATH = YES;
				SDKROOT = iphoneos;
				SWIFT_COMPILATION_MODE = wholemodule;
				SWIFT_OPTIMIZATION_LEVEL = "-O";
				VALIDATE_PRODUCT = YES;
			};
			name = Release;
		};
		5223EEFB21A79B2D003246E5 /* Debug */ = {
			isa = XCBuildConfiguration;
			buildSettings = {
				ASSETCATALOG_COMPILER_APPICON_NAME = AppIcon;
				CODE_SIGN_STYLE = Automatic;
				DEVELOPMENT_TEAM = PA49KJL793;
				INFOPLIST_FILE = Hotdog/Info.plist;
				LD_RUNPATH_SEARCH_PATHS = (
					"$(inherited)",
					"@executable_path/Frameworks",
				);
				PRODUCT_BUNDLE_IDENTIFIER = com.Onespark.messAround.Hotdog;
				PRODUCT_NAME = "$(TARGET_NAME)";
				SWIFT_VERSION = 4.2;
				TARGETED_DEVICE_FAMILY = "1,2";
			};
			name = Debug;
		};
		5223EEFC21A79B2D003246E5 /* Release */ = {
			isa = XCBuildConfiguration;
			buildSettings = {
				ASSETCATALOG_COMPILER_APPICON_NAME = AppIcon;
				CODE_SIGN_STYLE = Automatic;
				DEVELOPMENT_TEAM = PA49KJL793;
				INFOPLIST_FILE = Hotdog/Info.plist;
				LD_RUNPATH_SEARCH_PATHS = (
					"$(inherited)",
					"@executable_path/Frameworks",
				);
				PRODUCT_BUNDLE_IDENTIFIER = com.Onespark.messAround.Hotdog;
				PRODUCT_NAME = "$(TARGET_NAME)";
				SWIFT_VERSION = 4.2;
				TARGETED_DEVICE_FAMILY = "1,2";
			};
			name = Release;
		};
		5223EEFE21A79B2D003246E5 /* Debug */ = {
			isa = XCBuildConfiguration;
			buildSettings = {
				ALWAYS_EMBED_SWIFT_STANDARD_LIBRARIES = YES;
				BUNDLE_LOADER = "$(TEST_HOST)";
				CODE_SIGN_STYLE = Automatic;
				DEVELOPMENT_TEAM = PA49KJL793;
				INFOPLIST_FILE = HotdogTests/Info.plist;
				LD_RUNPATH_SEARCH_PATHS = (
					"$(inherited)",
					"@executable_path/Frameworks",
					"@loader_path/Frameworks",
				);
				PRODUCT_BUNDLE_IDENTIFIER = com.Onespark.messAround.HotdogTests;
				PRODUCT_NAME = "$(TARGET_NAME)";
				SWIFT_VERSION = 4.2;
				TARGETED_DEVICE_FAMILY = "1,2";
				TEST_HOST = "$(BUILT_PRODUCTS_DIR)/Hotdog.app/Hotdog";
			};
			name = Debug;
		};
		5223EEFF21A79B2D003246E5 /* Release */ = {
			isa = XCBuildConfiguration;
			buildSettings = {
				ALWAYS_EMBED_SWIFT_STANDARD_LIBRARIES = YES;
				BUNDLE_LOADER = "$(TEST_HOST)";
				CODE_SIGN_STYLE = Automatic;
				DEVELOPMENT_TEAM = PA49KJL793;
				INFOPLIST_FILE = HotdogTests/Info.plist;
				LD_RUNPATH_SEARCH_PATHS = (
					"$(inherited)",
					"@executable_path/Frameworks",
					"@loader_path/Frameworks",
				);
				PRODUCT_BUNDLE_IDENTIFIER = com.Onespark.messAround.HotdogTests;
				PRODUCT_NAME = "$(TARGET_NAME)";
				SWIFT_VERSION = 4.2;
				TARGETED_DEVICE_FAMILY = "1,2";
				TEST_HOST = "$(BUILT_PRODUCTS_DIR)/Hotdog.app/Hotdog";
			};
			name = Release;
		};
		5223EF0121A79B2D003246E5 /* Debug */ = {
			isa = XCBuildConfiguration;
			buildSettings = {
				ALWAYS_EMBED_SWIFT_STANDARD_LIBRARIES = YES;
				CODE_SIGN_STYLE = Automatic;
				DEVELOPMENT_TEAM = PA49KJL793;
				INFOPLIST_FILE = HotdogUITests/Info.plist;
				LD_RUNPATH_SEARCH_PATHS = (
					"$(inherited)",
					"@executable_path/Frameworks",
					"@loader_path/Frameworks",
				);
				PRODUCT_BUNDLE_IDENTIFIER = com.Onespark.messAround.HotdogUITests;
				PRODUCT_NAME = "$(TARGET_NAME)";
				SWIFT_VERSION = 4.2;
				TARGETED_DEVICE_FAMILY = "1,2";
				TEST_TARGET_NAME = Hotdog;
			};
			name = Debug;
		};
		5223EF0221A79B2D003246E5 /* Release */ = {
			isa = XCBuildConfiguration;
			buildSettings = {
				ALWAYS_EMBED_SWIFT_STANDARD_LIBRARIES = YES;
				CODE_SIGN_STYLE = Automatic;
				DEVELOPMENT_TEAM = PA49KJL793;
				INFOPLIST_FILE = HotdogUITests/Info.plist;
				LD_RUNPATH_SEARCH_PATHS = (
					"$(inherited)",
					"@executable_path/Frameworks",
					"@loader_path/Frameworks",
				);
				PRODUCT_BUNDLE_IDENTIFIER = com.Onespark.messAround.HotdogUITests;
				PRODUCT_NAME = "$(TARGET_NAME)";
				SWIFT_VERSION = 4.2;
				TARGETED_DEVICE_FAMILY = "1,2";
				TEST_TARGET_NAME = Hotdog;
			};
			name = Release;
		};
/* End XCBuildConfiguration section */

/* Begin XCConfigurationList section */
		5223EECD21A79B26003246E5 /* Build configuration list for PBXProject "Hotdog" */ = {
			isa = XCConfigurationList;
			buildConfigurations = (
				5223EEF821A79B2D003246E5 /* Debug */,
				5223EEF921A79B2D003246E5 /* Release */,
			);
			defaultConfigurationIsVisible = 0;
			defaultConfigurationName = Release;
		};
		5223EEFA21A79B2D003246E5 /* Build configuration list for PBXNativeTarget "Hotdog" */ = {
			isa = XCConfigurationList;
			buildConfigurations = (
				5223EEFB21A79B2D003246E5 /* Debug */,
				5223EEFC21A79B2D003246E5 /* Release */,
			);
			defaultConfigurationIsVisible = 0;
			defaultConfigurationName = Release;
		};
		5223EEFD21A79B2D003246E5 /* Build configuration list for PBXNativeTarget "HotdogTests" */ = {
			isa = XCConfigurationList;
			buildConfigurations = (
				5223EEFE21A79B2D003246E5 /* Debug */,
				5223EEFF21A79B2D003246E5 /* Release */,
			);
			defaultConfigurationIsVisible = 0;
			defaultConfigurationName = Release;
		};
		5223EF0021A79B2D003246E5 /* Build configuration list for PBXNativeTarget "HotdogUITests" */ = {
			isa = XCConfigurationList;
			buildConfigurations = (
				5223EF0121A79B2D003246E5 /* Debug */,
				5223EF0221A79B2D003246E5 /* Release */,
			);
			defaultConfigurationIsVisible = 0;
			defaultConfigurationName = Release;
		};
/* End XCConfigurationList section */
	};
	rootObject = 5223EECA21A79B26003246E5 /* Project object */;
}
